// !$*UTF8*$!
{
	archiveVersion = 1;
	classes = {
	};
	objectVersion = 46;
	objects = {

/* Begin PBXBuildFile section */
		4536DC571BB044AA0058479E /* AITabBar.m in Sources */ = {isa = PBXBuildFile; fileRef = 4536DC561BB044AA0058479E /* AITabBar.m */; };
		4536DC5A1BB045380058479E /* AITabBarBtn.m in Sources */ = {isa = PBXBuildFile; fileRef = 4536DC591BB045380058479E /* AITabBarBtn.m */; };
		454B6C911BB0CE8E00334C08 /* AIFreeAppCellView.m in Sources */ = {isa = PBXBuildFile; fileRef = 454B6C901BB0CE8E00334C08 /* AIFreeAppCellView.m */; };
		45AFBADD1BB05C4F00D7EE12 /* AIBaseNavController.m in Sources */ = {isa = PBXBuildFile; fileRef = 45AFBADC1BB05C4F00D7EE12 /* AIBaseNavController.m */; };
		45AFBAE01BB070D600D7EE12 /* AIFreeAppCellModel.m in Sources */ = {isa = PBXBuildFile; fileRef = 45AFBADF1BB070D600D7EE12 /* AIFreeAppCellModel.m */; };
		45AFBB081BB0756100D7EE12 /* AFHTTPRequestOperation.m in Sources */ = {isa = PBXBuildFile; fileRef = 45AFBAE41BB0756000D7EE12 /* AFHTTPRequestOperation.m */; };
		45AFBB091BB0756100D7EE12 /* AFHTTPRequestOperationManager.m in Sources */ = {isa = PBXBuildFile; fileRef = 45AFBAE61BB0756000D7EE12 /* AFHTTPRequestOperationManager.m */; };
		45AFBB0A1BB0756100D7EE12 /* AFHTTPSessionManager.m in Sources */ = {isa = PBXBuildFile; fileRef = 45AFBAE81BB0756000D7EE12 /* AFHTTPSessionManager.m */; };
		45AFBB0B1BB0756100D7EE12 /* AFNetworkReachabilityManager.m in Sources */ = {isa = PBXBuildFile; fileRef = 45AFBAEB1BB0756000D7EE12 /* AFNetworkReachabilityManager.m */; };
		45AFBB0C1BB0756100D7EE12 /* AFSecurityPolicy.m in Sources */ = {isa = PBXBuildFile; fileRef = 45AFBAED1BB0756000D7EE12 /* AFSecurityPolicy.m */; };
		45AFBB0D1BB0756100D7EE12 /* AFURLConnectionOperation.m in Sources */ = {isa = PBXBuildFile; fileRef = 45AFBAEF1BB0756100D7EE12 /* AFURLConnectionOperation.m */; };
		45AFBB0E1BB0756100D7EE12 /* AFURLRequestSerialization.m in Sources */ = {isa = PBXBuildFile; fileRef = 45AFBAF11BB0756100D7EE12 /* AFURLRequestSerialization.m */; };
		45AFBB0F1BB0756100D7EE12 /* AFURLResponseSerialization.m in Sources */ = {isa = PBXBuildFile; fileRef = 45AFBAF31BB0756100D7EE12 /* AFURLResponseSerialization.m */; };
		45AFBB101BB0756100D7EE12 /* AFURLSessionManager.m in Sources */ = {isa = PBXBuildFile; fileRef = 45AFBAF51BB0756100D7EE12 /* AFURLSessionManager.m */; };
		45AFBB111BB0756100D7EE12 /* AFNetworkActivityIndicatorManager.m in Sources */ = {isa = PBXBuildFile; fileRef = 45AFBAF81BB0756100D7EE12 /* AFNetworkActivityIndicatorManager.m */; };
		45AFBB121BB0756100D7EE12 /* UIActivityIndicatorView+AFNetworking.m in Sources */ = {isa = PBXBuildFile; fileRef = 45AFBAFA1BB0756100D7EE12 /* UIActivityIndicatorView+AFNetworking.m */; };
		45AFBB131BB0756100D7EE12 /* UIAlertView+AFNetworking.m in Sources */ = {isa = PBXBuildFile; fileRef = 45AFBAFC1BB0756100D7EE12 /* UIAlertView+AFNetworking.m */; };
		45AFBB141BB0756100D7EE12 /* UIButton+AFNetworking.m in Sources */ = {isa = PBXBuildFile; fileRef = 45AFBAFE1BB0756100D7EE12 /* UIButton+AFNetworking.m */; };
		45AFBB151BB0756100D7EE12 /* UIImageView+AFNetworking.m in Sources */ = {isa = PBXBuildFile; fileRef = 45AFBB001BB0756100D7EE12 /* UIImageView+AFNetworking.m */; };
		45AFBB161BB0756100D7EE12 /* UIProgressView+AFNetworking.m in Sources */ = {isa = PBXBuildFile; fileRef = 45AFBB031BB0756100D7EE12 /* UIProgressView+AFNetworking.m */; };
		45AFBB171BB0756100D7EE12 /* UIRefreshControl+AFNetworking.m in Sources */ = {isa = PBXBuildFile; fileRef = 45AFBB051BB0756100D7EE12 /* UIRefreshControl+AFNetworking.m */; };
		45AFBB181BB0756100D7EE12 /* UIWebView+AFNetworking.m in Sources */ = {isa = PBXBuildFile; fileRef = 45AFBB071BB0756100D7EE12 /* UIWebView+AFNetworking.m */; };
		BC5D385E1BB02BEA008A9C14 /* main.m in Sources */ = {isa = PBXBuildFile; fileRef = BC5D385D1BB02BEA008A9C14 /* main.m */; };
		BC5D38611BB02BEA008A9C14 /* AppDelegate.m in Sources */ = {isa = PBXBuildFile; fileRef = BC5D38601BB02BEA008A9C14 /* AppDelegate.m */; };
		BC5D38671BB02BEA008A9C14 /* Main.storyboard in Resources */ = {isa = PBXBuildFile; fileRef = BC5D38651BB02BEA008A9C14 /* Main.storyboard */; };
		BC5D38691BB02BEA008A9C14 /* Images.xcassets in Resources */ = {isa = PBXBuildFile; fileRef = BC5D38681BB02BEA008A9C14 /* Images.xcassets */; };
		BC5D386C1BB02BEA008A9C14 /* LaunchScreen.xib in Resources */ = {isa = PBXBuildFile; fileRef = BC5D386A1BB02BEA008A9C14 /* LaunchScreen.xib */; };
		BC5D38781BB02BEA008A9C14 /* AIxianmainTests.m in Sources */ = {isa = PBXBuildFile; fileRef = BC5D38771BB02BEA008A9C14 /* AIxianmainTests.m */; };
		BC5D388A1BB02E25008A9C14 /* AIFreeController.m in Sources */ = {isa = PBXBuildFile; fileRef = BC5D38891BB02E25008A9C14 /* AIFreeController.m */; };
		BC70F9A11BB031DD00117EC3 /* AIBaseViewController.m in Sources */ = {isa = PBXBuildFile; fileRef = BC70F9A01BB031DD00117EC3 /* AIBaseViewController.m */; };
/* End PBXBuildFile section */

/* Begin PBXContainerItemProxy section */
		BC5D38721BB02BEA008A9C14 /* PBXContainerItemProxy */ = {
			isa = PBXContainerItemProxy;
			containerPortal = BC5D38501BB02BEA008A9C14 /* Project object */;
			proxyType = 1;
			remoteGlobalIDString = BC5D38571BB02BEA008A9C14;
			remoteInfo = AIxianmain;
		};
/* End PBXContainerItemProxy section */

/* Begin PBXFileReference section */
		4536DC551BB044AA0058479E /* AITabBar.h */ = {isa = PBXFileReference; fileEncoding = 4; lastKnownFileType = sourcecode.c.h; path = AITabBar.h; sourceTree = "<group>"; };
		4536DC561BB044AA0058479E /* AITabBar.m */ = {isa = PBXFileReference; fileEncoding = 4; lastKnownFileType = sourcecode.c.objc; path = AITabBar.m; sourceTree = "<group>"; };
		4536DC581BB045380058479E /* AITabBarBtn.h */ = {isa = PBXFileReference; fileEncoding = 4; lastKnownFileType = sourcecode.c.h; path = AITabBarBtn.h; sourceTree = "<group>"; };
		4536DC591BB045380058479E /* AITabBarBtn.m */ = {isa = PBXFileReference; fileEncoding = 4; lastKnownFileType = sourcecode.c.objc; path = AITabBarBtn.m; sourceTree = "<group>"; };
		454B6C8F1BB0CE8E00334C08 /* AIFreeAppCellView.h */ = {isa = PBXFileReference; fileEncoding = 4; lastKnownFileType = sourcecode.c.h; name = AIFreeAppCellView.h; path = AIxianmain/Free/View/AIFreeAppCellView.h; sourceTree = SOURCE_ROOT; };
		454B6C901BB0CE8E00334C08 /* AIFreeAppCellView.m */ = {isa = PBXFileReference; fileEncoding = 4; lastKnownFileType = sourcecode.c.objc; name = AIFreeAppCellView.m; path = AIxianmain/Free/View/AIFreeAppCellView.m; sourceTree = SOURCE_ROOT; };
		45AFBADB1BB05C4F00D7EE12 /* AIBaseNavController.h */ = {isa = PBXFileReference; fileEncoding = 4; lastKnownFileType = sourcecode.c.h; path = AIBaseNavController.h; sourceTree = "<group>"; };
		45AFBADC1BB05C4F00D7EE12 /* AIBaseNavController.m */ = {isa = PBXFileReference; fileEncoding = 4; lastKnownFileType = sourcecode.c.objc; path = AIBaseNavController.m; sourceTree = "<group>"; };
		45AFBADE1BB070D600D7EE12 /* AIFreeAppCellModel.h */ = {isa = PBXFileReference; fileEncoding = 4; lastKnownFileType = sourcecode.c.h; path = AIFreeAppCellModel.h; sourceTree = "<group>"; };
		45AFBADF1BB070D600D7EE12 /* AIFreeAppCellModel.m */ = {isa = PBXFileReference; fileEncoding = 4; lastKnownFileType = sourcecode.c.objc; path = AIFreeAppCellModel.m; sourceTree = "<group>"; };
		45AFBAE31BB0756000D7EE12 /* AFHTTPRequestOperation.h */ = {isa = PBXFileReference; fileEncoding = 4; lastKnownFileType = sourcecode.c.h; path = AFHTTPRequestOperation.h; sourceTree = "<group>"; };
		45AFBAE41BB0756000D7EE12 /* AFHTTPRequestOperation.m */ = {isa = PBXFileReference; fileEncoding = 4; lastKnownFileType = sourcecode.c.objc; path = AFHTTPRequestOperation.m; sourceTree = "<group>"; };
		45AFBAE51BB0756000D7EE12 /* AFHTTPRequestOperationManager.h */ = {isa = PBXFileReference; fileEncoding = 4; lastKnownFileType = sourcecode.c.h; path = AFHTTPRequestOperationManager.h; sourceTree = "<group>"; };
		45AFBAE61BB0756000D7EE12 /* AFHTTPRequestOperationManager.m */ = {isa = PBXFileReference; fileEncoding = 4; lastKnownFileType = sourcecode.c.objc; path = AFHTTPRequestOperationManager.m; sourceTree = "<group>"; };
		45AFBAE71BB0756000D7EE12 /* AFHTTPSessionManager.h */ = {isa = PBXFileReference; fileEncoding = 4; lastKnownFileType = sourcecode.c.h; path = AFHTTPSessionManager.h; sourceTree = "<group>"; };
		45AFBAE81BB0756000D7EE12 /* AFHTTPSessionManager.m */ = {isa = PBXFileReference; fileEncoding = 4; lastKnownFileType = sourcecode.c.objc; path = AFHTTPSessionManager.m; sourceTree = "<group>"; };
		45AFBAE91BB0756000D7EE12 /* AFNetworking.h */ = {isa = PBXFileReference; fileEncoding = 4; lastKnownFileType = sourcecode.c.h; path = AFNetworking.h; sourceTree = "<group>"; };
		45AFBAEA1BB0756000D7EE12 /* AFNetworkReachabilityManager.h */ = {isa = PBXFileReference; fileEncoding = 4; lastKnownFileType = sourcecode.c.h; path = AFNetworkReachabilityManager.h; sourceTree = "<group>"; };
		45AFBAEB1BB0756000D7EE12 /* AFNetworkReachabilityManager.m */ = {isa = PBXFileReference; fileEncoding = 4; lastKnownFileType = sourcecode.c.objc; path = AFNetworkReachabilityManager.m; sourceTree = "<group>"; };
		45AFBAEC1BB0756000D7EE12 /* AFSecurityPolicy.h */ = {isa = PBXFileReference; fileEncoding = 4; lastKnownFileType = sourcecode.c.h; path = AFSecurityPolicy.h; sourceTree = "<group>"; };
		45AFBAED1BB0756000D7EE12 /* AFSecurityPolicy.m */ = {isa = PBXFileReference; fileEncoding = 4; lastKnownFileType = sourcecode.c.objc; path = AFSecurityPolicy.m; sourceTree = "<group>"; };
		45AFBAEE1BB0756000D7EE12 /* AFURLConnectionOperation.h */ = {isa = PBXFileReference; fileEncoding = 4; lastKnownFileType = sourcecode.c.h; path = AFURLConnectionOperation.h; sourceTree = "<group>"; };
		45AFBAEF1BB0756100D7EE12 /* AFURLConnectionOperation.m */ = {isa = PBXFileReference; fileEncoding = 4; lastKnownFileType = sourcecode.c.objc; path = AFURLConnectionOperation.m; sourceTree = "<group>"; };
		45AFBAF01BB0756100D7EE12 /* AFURLRequestSerialization.h */ = {isa = PBXFileReference; fileEncoding = 4; lastKnownFileType = sourcecode.c.h; path = AFURLRequestSerialization.h; sourceTree = "<group>"; };
		45AFBAF11BB0756100D7EE12 /* AFURLRequestSerialization.m */ = {isa = PBXFileReference; fileEncoding = 4; lastKnownFileType = sourcecode.c.objc; path = AFURLRequestSerialization.m; sourceTree = "<group>"; };
		45AFBAF21BB0756100D7EE12 /* AFURLResponseSerialization.h */ = {isa = PBXFileReference; fileEncoding = 4; lastKnownFileType = sourcecode.c.h; path = AFURLResponseSerialization.h; sourceTree = "<group>"; };
		45AFBAF31BB0756100D7EE12 /* AFURLResponseSerialization.m */ = {isa = PBXFileReference; fileEncoding = 4; lastKnownFileType = sourcecode.c.objc; path = AFURLResponseSerialization.m; sourceTree = "<group>"; };
		45AFBAF41BB0756100D7EE12 /* AFURLSessionManager.h */ = {isa = PBXFileReference; fileEncoding = 4; lastKnownFileType = sourcecode.c.h; path = AFURLSessionManager.h; sourceTree = "<group>"; };
		45AFBAF51BB0756100D7EE12 /* AFURLSessionManager.m */ = {isa = PBXFileReference; fileEncoding = 4; lastKnownFileType = sourcecode.c.objc; path = AFURLSessionManager.m; sourceTree = "<group>"; };
		45AFBAF71BB0756100D7EE12 /* AFNetworkActivityIndicatorManager.h */ = {isa = PBXFileReference; fileEncoding = 4; lastKnownFileType = sourcecode.c.h; path = AFNetworkActivityIndicatorManager.h; sourceTree = "<group>"; };
		45AFBAF81BB0756100D7EE12 /* AFNetworkActivityIndicatorManager.m */ = {isa = PBXFileReference; fileEncoding = 4; lastKnownFileType = sourcecode.c.objc; path = AFNetworkActivityIndicatorManager.m; sourceTree = "<group>"; };
		45AFBAF91BB0756100D7EE12 /* UIActivityIndicatorView+AFNetworking.h */ = {isa = PBXFileReference; fileEncoding = 4; lastKnownFileType = sourcecode.c.h; path = "UIActivityIndicatorView+AFNetworking.h"; sourceTree = "<group>"; };
		45AFBAFA1BB0756100D7EE12 /* UIActivityIndicatorView+AFNetworking.m */ = {isa = PBXFileReference; fileEncoding = 4; lastKnownFileType = sourcecode.c.objc; path = "UIActivityIndicatorView+AFNetworking.m"; sourceTree = "<group>"; };
		45AFBAFB1BB0756100D7EE12 /* UIAlertView+AFNetworking.h */ = {isa = PBXFileReference; fileEncoding = 4; lastKnownFileType = sourcecode.c.h; path = "UIAlertView+AFNetworking.h"; sourceTree = "<group>"; };
		45AFBAFC1BB0756100D7EE12 /* UIAlertView+AFNetworking.m */ = {isa = PBXFileReference; fileEncoding = 4; lastKnownFileType = sourcecode.c.objc; path = "UIAlertView+AFNetworking.m"; sourceTree = "<group>"; };
		45AFBAFD1BB0756100D7EE12 /* UIButton+AFNetworking.h */ = {isa = PBXFileReference; fileEncoding = 4; lastKnownFileType = sourcecode.c.h; path = "UIButton+AFNetworking.h"; sourceTree = "<group>"; };
		45AFBAFE1BB0756100D7EE12 /* UIButton+AFNetworking.m */ = {isa = PBXFileReference; fileEncoding = 4; lastKnownFileType = sourcecode.c.objc; path = "UIButton+AFNetworking.m"; sourceTree = "<group>"; };
		45AFBAFF1BB0756100D7EE12 /* UIImageView+AFNetworking.h */ = {isa = PBXFileReference; fileEncoding = 4; lastKnownFileType = sourcecode.c.h; path = "UIImageView+AFNetworking.h"; sourceTree = "<group>"; };
		45AFBB001BB0756100D7EE12 /* UIImageView+AFNetworking.m */ = {isa = PBXFileReference; fileEncoding = 4; lastKnownFileType = sourcecode.c.objc; path = "UIImageView+AFNetworking.m"; sourceTree = "<group>"; };
		45AFBB011BB0756100D7EE12 /* UIKit+AFNetworking.h */ = {isa = PBXFileReference; fileEncoding = 4; lastKnownFileType = sourcecode.c.h; path = "UIKit+AFNetworking.h"; sourceTree = "<group>"; };
		45AFBB021BB0756100D7EE12 /* UIProgressView+AFNetworking.h */ = {isa = PBXFileReference; fileEncoding = 4; lastKnownFileType = sourcecode.c.h; path = "UIProgressView+AFNetworking.h"; sourceTree = "<group>"; };
		45AFBB031BB0756100D7EE12 /* UIProgressView+AFNetworking.m */ = {isa = PBXFileReference; fileEncoding = 4; lastKnownFileType = sourcecode.c.objc; path = "UIProgressView+AFNetworking.m"; sourceTree = "<group>"; };
		45AFBB041BB0756100D7EE12 /* UIRefreshControl+AFNetworking.h */ = {isa = PBXFileReference; fileEncoding = 4; lastKnownFileType = sourcecode.c.h; path = "UIRefreshControl+AFNetworking.h"; sourceTree = "<group>"; };
		45AFBB051BB0756100D7EE12 /* UIRefreshControl+AFNetworking.m */ = {isa = PBXFileReference; fileEncoding = 4; lastKnownFileType = sourcecode.c.objc; path = "UIRefreshControl+AFNetworking.m"; sourceTree = "<group>"; };
		45AFBB061BB0756100D7EE12 /* UIWebView+AFNetworking.h */ = {isa = PBXFileReference; fileEncoding = 4; lastKnownFileType = sourcecode.c.h; path = "UIWebView+AFNetworking.h"; sourceTree = "<group>"; };
		45AFBB071BB0756100D7EE12 /* UIWebView+AFNetworking.m */ = {isa = PBXFileReference; fileEncoding = 4; lastKnownFileType = sourcecode.c.objc; path = "UIWebView+AFNetworking.m"; sourceTree = "<group>"; };
		BC5D38581BB02BEA008A9C14 /* AIxianmain.app */ = {isa = PBXFileReference; explicitFileType = wrapper.application; includeInIndex = 0; path = AIxianmain.app; sourceTree = BUILT_PRODUCTS_DIR; };
		BC5D385C1BB02BEA008A9C14 /* Info.plist */ = {isa = PBXFileReference; lastKnownFileType = text.plist.xml; path = Info.plist; sourceTree = "<group>"; };
		BC5D385D1BB02BEA008A9C14 /* main.m */ = {isa = PBXFileReference; lastKnownFileType = sourcecode.c.objc; path = main.m; sourceTree = "<group>"; };
		BC5D385F1BB02BEA008A9C14 /* AppDelegate.h */ = {isa = PBXFileReference; lastKnownFileType = sourcecode.c.h; name = AppDelegate.h; path = ../AppDelegate.h; sourceTree = "<group>"; };
		BC5D38601BB02BEA008A9C14 /* AppDelegate.m */ = {isa = PBXFileReference; lastKnownFileType = sourcecode.c.objc; name = AppDelegate.m; path = ../AppDelegate.m; sourceTree = "<group>"; };
		BC5D38661BB02BEA008A9C14 /* Base */ = {isa = PBXFileReference; lastKnownFileType = file.storyboard; name = Base; path = Base.lproj/Main.storyboard; sourceTree = "<group>"; };
		BC5D38681BB02BEA008A9C14 /* Images.xcassets */ = {isa = PBXFileReference; lastKnownFileType = folder.assetcatalog; path = Images.xcassets; sourceTree = "<group>"; };
		BC5D386B1BB02BEA008A9C14 /* Base */ = {isa = PBXFileReference; lastKnownFileType = file.xib; name = Base; path = Base.lproj/LaunchScreen.xib; sourceTree = "<group>"; };
		BC5D38711BB02BEA008A9C14 /* AIxianmainTests.xctest */ = {isa = PBXFileReference; explicitFileType = wrapper.cfbundle; includeInIndex = 0; path = AIxianmainTests.xctest; sourceTree = BUILT_PRODUCTS_DIR; };
		BC5D38761BB02BEA008A9C14 /* Info.plist */ = {isa = PBXFileReference; lastKnownFileType = text.plist.xml; path = Info.plist; sourceTree = "<group>"; };
		BC5D38771BB02BEA008A9C14 /* AIxianmainTests.m */ = {isa = PBXFileReference; lastKnownFileType = sourcecode.c.objc; path = AIxianmainTests.m; sourceTree = "<group>"; };
		BC5D38881BB02E25008A9C14 /* AIFreeController.h */ = {isa = PBXFileReference; fileEncoding = 4; lastKnownFileType = sourcecode.c.h; path = AIFreeController.h; sourceTree = "<group>"; };
		BC5D38891BB02E25008A9C14 /* AIFreeController.m */ = {isa = PBXFileReference; fileEncoding = 4; lastKnownFileType = sourcecode.c.objc; path = AIFreeController.m; sourceTree = "<group>"; };
		BC5D388F1BB02EC9008A9C14 /* AIDefine.h */ = {isa = PBXFileReference; lastKnownFileType = sourcecode.c.h; path = AIDefine.h; sourceTree = "<group>"; };
		BC70F99F1BB031DD00117EC3 /* AIBaseViewController.h */ = {isa = PBXFileReference; fileEncoding = 4; lastKnownFileType = sourcecode.c.h; path = AIBaseViewController.h; sourceTree = "<group>"; };
		BC70F9A01BB031DD00117EC3 /* AIBaseViewController.m */ = {isa = PBXFileReference; fileEncoding = 4; lastKnownFileType = sourcecode.c.objc; path = AIBaseViewController.m; sourceTree = "<group>"; };
/* End PBXFileReference section */

/* Begin PBXFrameworksBuildPhase section */
		BC5D38551BB02BEA008A9C14 /* Frameworks */ = {
			isa = PBXFrameworksBuildPhase;
			buildActionMask = 2147483647;
			files = (
			);
			runOnlyForDeploymentPostprocessing = 0;
		};
		BC5D386E1BB02BEA008A9C14 /* Frameworks */ = {
			isa = PBXFrameworksBuildPhase;
			buildActionMask = 2147483647;
			files = (
			);
			runOnlyForDeploymentPostprocessing = 0;
		};
/* End PBXFrameworksBuildPhase section */

/* Begin PBXGroup section */
		45AFBAD91BB04BFA00D7EE12 /* view */ = {
			isa = PBXGroup;
			children = (
				4536DC581BB045380058479E /* AITabBarBtn.h */,
				4536DC591BB045380058479E /* AITabBarBtn.m */,
				4536DC551BB044AA0058479E /* AITabBar.h */,
				4536DC561BB044AA0058479E /* AITabBar.m */,
			);
			name = view;
			sourceTree = "<group>";
		};
		45AFBADA1BB04C1000D7EE12 /* controller */ = {
			isa = PBXGroup;
			children = (
				BC70F99F1BB031DD00117EC3 /* AIBaseViewController.h */,
				BC70F9A01BB031DD00117EC3 /* AIBaseViewController.m */,
				45AFBADB1BB05C4F00D7EE12 /* AIBaseNavController.h */,
				45AFBADC1BB05C4F00D7EE12 /* AIBaseNavController.m */,
			);
			name = controller;
			sourceTree = "<group>";
		};
		45AFBAE11BB0756000D7EE12 /* AFNetworking */ = {
			isa = PBXGroup;
			children = (
				45AFBAE21BB0756000D7EE12 /* AFNetworking */,
				45AFBAF61BB0756100D7EE12 /* UIKit+AFNetworking */,
			);
			name = AFNetworking;
			path = "../../../../../../../Volumes/MYSELF/封装Code/AFNetworking";
			sourceTree = "<group>";
		};
		45AFBAE21BB0756000D7EE12 /* AFNetworking */ = {
			isa = PBXGroup;
			children = (
				45AFBAE31BB0756000D7EE12 /* AFHTTPRequestOperation.h */,
				45AFBAE41BB0756000D7EE12 /* AFHTTPRequestOperation.m */,
				45AFBAE51BB0756000D7EE12 /* AFHTTPRequestOperationManager.h */,
				45AFBAE61BB0756000D7EE12 /* AFHTTPRequestOperationManager.m */,
				45AFBAE71BB0756000D7EE12 /* AFHTTPSessionManager.h */,
				45AFBAE81BB0756000D7EE12 /* AFHTTPSessionManager.m */,
				45AFBAE91BB0756000D7EE12 /* AFNetworking.h */,
				45AFBAEA1BB0756000D7EE12 /* AFNetworkReachabilityManager.h */,
				45AFBAEB1BB0756000D7EE12 /* AFNetworkReachabilityManager.m */,
				45AFBAEC1BB0756000D7EE12 /* AFSecurityPolicy.h */,
				45AFBAED1BB0756000D7EE12 /* AFSecurityPolicy.m */,
				45AFBAEE1BB0756000D7EE12 /* AFURLConnectionOperation.h */,
				45AFBAEF1BB0756100D7EE12 /* AFURLConnectionOperation.m */,
				45AFBAF01BB0756100D7EE12 /* AFURLRequestSerialization.h */,
				45AFBAF11BB0756100D7EE12 /* AFURLRequestSerialization.m */,
				45AFBAF21BB0756100D7EE12 /* AFURLResponseSerialization.h */,
				45AFBAF31BB0756100D7EE12 /* AFURLResponseSerialization.m */,
				45AFBAF41BB0756100D7EE12 /* AFURLSessionManager.h */,
				45AFBAF51BB0756100D7EE12 /* AFURLSessionManager.m */,
			);
			path = AFNetworking;
			sourceTree = "<group>";
		};
		45AFBAF61BB0756100D7EE12 /* UIKit+AFNetworking */ = {
			isa = PBXGroup;
			children = (
				45AFBAF71BB0756100D7EE12 /* AFNetworkActivityIndicatorManager.h */,
				45AFBAF81BB0756100D7EE12 /* AFNetworkActivityIndicatorManager.m */,
				45AFBAF91BB0756100D7EE12 /* UIActivityIndicatorView+AFNetworking.h */,
				45AFBAFA1BB0756100D7EE12 /* UIActivityIndicatorView+AFNetworking.m */,
				45AFBAFB1BB0756100D7EE12 /* UIAlertView+AFNetworking.h */,
				45AFBAFC1BB0756100D7EE12 /* UIAlertView+AFNetworking.m */,
				45AFBAFD1BB0756100D7EE12 /* UIButton+AFNetworking.h */,
				45AFBAFE1BB0756100D7EE12 /* UIButton+AFNetworking.m */,
				45AFBAFF1BB0756100D7EE12 /* UIImageView+AFNetworking.h */,
				45AFBB001BB0756100D7EE12 /* UIImageView+AFNetworking.m */,
				45AFBB011BB0756100D7EE12 /* UIKit+AFNetworking.h */,
				45AFBB021BB0756100D7EE12 /* UIProgressView+AFNetworking.h */,
				45AFBB031BB0756100D7EE12 /* UIProgressView+AFNetworking.m */,
				45AFBB041BB0756100D7EE12 /* UIRefreshControl+AFNetworking.h */,
				45AFBB051BB0756100D7EE12 /* UIRefreshControl+AFNetworking.m */,
				45AFBB061BB0756100D7EE12 /* UIWebView+AFNetworking.h */,
				45AFBB071BB0756100D7EE12 /* UIWebView+AFNetworking.m */,
			);
			path = "UIKit+AFNetworking";
			sourceTree = "<group>";
		};
		BC5D384F1BB02BEA008A9C14 = {
			isa = PBXGroup;
			children = (
				BC5D385A1BB02BEA008A9C14 /* AIxianmain */,
				BC5D38741BB02BEA008A9C14 /* AIxianmainTests */,
				BC5D38591BB02BEA008A9C14 /* Products */,
			);
			sourceTree = "<group>";
		};
		BC5D38591BB02BEA008A9C14 /* Products */ = {
			isa = PBXGroup;
			children = (
				BC5D38581BB02BEA008A9C14 /* AIxianmain.app */,
				BC5D38711BB02BEA008A9C14 /* AIxianmainTests.xctest */,
			);
			name = Products;
			sourceTree = "<group>";
		};
		BC5D385A1BB02BEA008A9C14 /* AIxianmain */ = {
			isa = PBXGroup;
			children = (
				BC70F99E1BB031C800117EC3 /* Base */,
				BC5D38871BB02C77008A9C14 /* Other */,
				BC5D38811BB02C62008A9C14 /* Free */,
				BC5D38651BB02BEA008A9C14 /* Main.storyboard */,
				BC5D38681BB02BEA008A9C14 /* Images.xcassets */,
				BC5D385B1BB02BEA008A9C14 /* Supporting Files */,
			);
			path = AIxianmain;
			sourceTree = "<group>";
		};
		BC5D385B1BB02BEA008A9C14 /* Supporting Files */ = {
			isa = PBXGroup;
			children = (
				BC5D386A1BB02BEA008A9C14 /* LaunchScreen.xib */,
				BC5D385C1BB02BEA008A9C14 /* Info.plist */,
				BC5D385D1BB02BEA008A9C14 /* main.m */,
			);
			name = "Supporting Files";
			sourceTree = "<group>";
		};
		BC5D38741BB02BEA008A9C14 /* AIxianmainTests */ = {
			isa = PBXGroup;
			children = (
				BC5D38771BB02BEA008A9C14 /* AIxianmainTests.m */,
				BC5D38751BB02BEA008A9C14 /* Supporting Files */,
			);
			path = AIxianmainTests;
			sourceTree = "<group>";
		};
		BC5D38751BB02BEA008A9C14 /* Supporting Files */ = {
			isa = PBXGroup;
			children = (
				BC5D38761BB02BEA008A9C14 /* Info.plist */,
			);
			name = "Supporting Files";
			sourceTree = "<group>";
		};
		BC5D38811BB02C62008A9C14 /* Free */ = {
			isa = PBXGroup;
			children = (
				BC5D38821BB02C62008A9C14 /* Controller */,
				BC5D38831BB02C62008A9C14 /* Libs */,
				BC5D38841BB02C62008A9C14 /* Model */,
				BC5D38851BB02C62008A9C14 /* Other */,
				BC5D38861BB02C62008A9C14 /* VIew */,
			);
			path = Free;
			sourceTree = "<group>";
		};
		BC5D38821BB02C62008A9C14 /* Controller */ = {
			isa = PBXGroup;
			children = (
				BC5D38881BB02E25008A9C14 /* AIFreeController.h */,
				BC5D38891BB02E25008A9C14 /* AIFreeController.m */,
			);
			path = Controller;
			sourceTree = "<group>";
		};
		BC5D38831BB02C62008A9C14 /* Libs */ = {
			isa = PBXGroup;
			children = (
				45AFBAE11BB0756000D7EE12 /* AFNetworking */,
			);
			path = Libs;
			sourceTree = "<group>";
		};
		BC5D38841BB02C62008A9C14 /* Model */ = {
			isa = PBXGroup;
			children = (
				45AFBADE1BB070D600D7EE12 /* AIFreeAppCellModel.h */,
				45AFBADF1BB070D600D7EE12 /* AIFreeAppCellModel.m */,
			);
			path = Model;
			sourceTree = "<group>";
		};
		BC5D38851BB02C62008A9C14 /* Other */ = {
			isa = PBXGroup;
			children = (
			);
			path = Other;
			sourceTree = "<group>";
		};
		BC5D38861BB02C62008A9C14 /* VIew */ = {
			isa = PBXGroup;
			children = (
				454B6C8F1BB0CE8E00334C08 /* AIFreeAppCellView.h */,
				454B6C901BB0CE8E00334C08 /* AIFreeAppCellView.m */,
			);
			path = VIew;
			sourceTree = "<group>";
		};
		BC5D38871BB02C77008A9C14 /* Other */ = {
			isa = PBXGroup;
			children = (
				BC5D388F1BB02EC9008A9C14 /* AIDefine.h */,
				BC5D385F1BB02BEA008A9C14 /* AppDelegate.h */,
				BC5D38601BB02BEA008A9C14 /* AppDelegate.m */,
			);
			path = Other;
			sourceTree = "<group>";
		};
		BC70F99E1BB031C800117EC3 /* Base */ = {
			isa = PBXGroup;
			children = (
				45AFBADA1BB04C1000D7EE12 /* controller */,
				45AFBAD91BB04BFA00D7EE12 /* view */,
			);
			path = Base;
			sourceTree = "<group>";
		};
/* End PBXGroup section */

/* Begin PBXNativeTarget section */
		BC5D38571BB02BEA008A9C14 /* AIxianmain */ = {
			isa = PBXNativeTarget;
			buildConfigurationList = BC5D387B1BB02BEA008A9C14 /* Build configuration list for PBXNativeTarget "AIxianmain" */;
			buildPhases = (
				BC5D38541BB02BEA008A9C14 /* Sources */,
				BC5D38551BB02BEA008A9C14 /* Frameworks */,
				BC5D38561BB02BEA008A9C14 /* Resources */,
			);
			buildRules = (
			);
			dependencies = (
			);
			name = AIxianmain;
			productName = AIxianmain;
			productReference = BC5D38581BB02BEA008A9C14 /* AIxianmain.app */;
			productType = "com.apple.product-type.application";
		};
		BC5D38701BB02BEA008A9C14 /* AIxianmainTests */ = {
			isa = PBXNativeTarget;
			buildConfigurationList = BC5D387E1BB02BEA008A9C14 /* Build configuration list for PBXNativeTarget "AIxianmainTests" */;
			buildPhases = (
				BC5D386D1BB02BEA008A9C14 /* Sources */,
				BC5D386E1BB02BEA008A9C14 /* Frameworks */,
				BC5D386F1BB02BEA008A9C14 /* Resources */,
			);
			buildRules = (
			);
			dependencies = (
				BC5D38731BB02BEA008A9C14 /* PBXTargetDependency */,
			);
			name = AIxianmainTests;
			productName = AIxianmainTests;
			productReference = BC5D38711BB02BEA008A9C14 /* AIxianmainTests.xctest */;
			productType = "com.apple.product-type.bundle.unit-test";
		};
/* End PBXNativeTarget section */

/* Begin PBXProject section */
		BC5D38501BB02BEA008A9C14 /* Project object */ = {
			isa = PBXProject;
			attributes = {
				LastUpgradeCheck = 0630;
				ORGANIZATIONNAME = aizexin;
				TargetAttributes = {
					BC5D38571BB02BEA008A9C14 = {
						CreatedOnToolsVersion = 6.3;
					};
					BC5D38701BB02BEA008A9C14 = {
						CreatedOnToolsVersion = 6.3;
						TestTargetID = BC5D38571BB02BEA008A9C14;
					};
				};
			};
			buildConfigurationList = BC5D38531BB02BEA008A9C14 /* Build configuration list for PBXProject "AIxianmain" */;
			compatibilityVersion = "Xcode 3.2";
			developmentRegion = English;
			hasScannedForEncodings = 0;
			knownRegions = (
				en,
				Base,
			);
			mainGroup = BC5D384F1BB02BEA008A9C14;
			productRefGroup = BC5D38591BB02BEA008A9C14 /* Products */;
			projectDirPath = "";
			projectRoot = "";
			targets = (
				BC5D38571BB02BEA008A9C14 /* AIxianmain */,
				BC5D38701BB02BEA008A9C14 /* AIxianmainTests */,
			);
		};
/* End PBXProject section */

/* Begin PBXResourcesBuildPhase section */
		BC5D38561BB02BEA008A9C14 /* Resources */ = {
			isa = PBXResourcesBuildPhase;
			buildActionMask = 2147483647;
			files = (
				BC5D38671BB02BEA008A9C14 /* Main.storyboard in Resources */,
				BC5D386C1BB02BEA008A9C14 /* LaunchScreen.xib in Resources */,
				BC5D38691BB02BEA008A9C14 /* Images.xcassets in Resources */,
			);
			runOnlyForDeploymentPostprocessing = 0;
		};
		BC5D386F1BB02BEA008A9C14 /* Resources */ = {
			isa = PBXResourcesBuildPhase;
			buildActionMask = 2147483647;
			files = (
			);
			runOnlyForDeploymentPostprocessing = 0;
		};
/* End PBXResourcesBuildPhase section */

/* Begin PBXSourcesBuildPhase section */
		BC5D38541BB02BEA008A9C14 /* Sources */ = {
			isa = PBXSourcesBuildPhase;
			buildActionMask = 2147483647;
			files = (
				45AFBB101BB0756100D7EE12 /* AFURLSessionManager.m in Sources */,
				45AFBB0D1BB0756100D7EE12 /* AFURLConnectionOperation.m in Sources */,
				454B6C911BB0CE8E00334C08 /* AIFreeAppCellView.m in Sources */,
				45AFBB171BB0756100D7EE12 /* UIRefreshControl+AFNetworking.m in Sources */,
				45AFBB141BB0756100D7EE12 /* UIButton+AFNetworking.m in Sources */,
				45AFBB161BB0756100D7EE12 /* UIProgressView+AFNetworking.m in Sources */,
				45AFBB081BB0756100D7EE12 /* AFHTTPRequestOperation.m in Sources */,
				4536DC5A1BB045380058479E /* AITabBarBtn.m in Sources */,
				45AFBB131BB0756100D7EE12 /* UIAlertView+AFNetworking.m in Sources */,
				45AFBB091BB0756100D7EE12 /* AFHTTPRequestOperationManager.m in Sources */,
				45AFBADD1BB05C4F00D7EE12 /* AIBaseNavController.m in Sources */,
				BC5D38611BB02BEA008A9C14 /* AppDelegate.m in Sources */,
				45AFBB151BB0756100D7EE12 /* UIImageView+AFNetworking.m in Sources */,
				45AFBB0A1BB0756100D7EE12 /* AFHTTPSessionManager.m in Sources */,
				45AFBB121BB0756100D7EE12 /* UIActivityIndicatorView+AFNetworking.m in Sources */,
				45AFBB111BB0756100D7EE12 /* AFNetworkActivityIndicatorManager.m in Sources */,
				BC70F9A11BB031DD00117EC3 /* AIBaseViewController.m in Sources */,
				4536DC571BB044AA0058479E /* AITabBar.m in Sources */,
				45AFBAE01BB070D600D7EE12 /* AIFreeAppCellModel.m in Sources */,
				45AFBB0C1BB0756100D7EE12 /* AFSecurityPolicy.m in Sources */,
				BC5D388A1BB02E25008A9C14 /* AIFreeController.m in Sources */,
				45AFBB0E1BB0756100D7EE12 /* AFURLRequestSerialization.m in Sources */,
				45AFBB0B1BB0756100D7EE12 /* AFNetworkReachabilityManager.m in Sources */,
				45AFBB181BB0756100D7EE12 /* UIWebView+AFNetworking.m in Sources */,
				45AFBB0F1BB0756100D7EE12 /* AFURLResponseSerialization.m in Sources */,
				BC5D385E1BB02BEA008A9C14 /* main.m in Sources */,
			);
			runOnlyForDeploymentPostprocessing = 0;
		};
		BC5D386D1BB02BEA008A9C14 /* Sources */ = {
			isa = PBXSourcesBuildPhase;
			buildActionMask = 2147483647;
			files = (
				BC5D38781BB02BEA008A9C14 /* AIxianmainTests.m in Sources */,
			);
			runOnlyForDeploymentPostprocessing = 0;
		};
/* End PBXSourcesBuildPhase section */

/* Begin PBXTargetDependency section */
		BC5D38731BB02BEA008A9C14 /* PBXTargetDependency */ = {
			isa = PBXTargetDependency;
			target = BC5D38571BB02BEA008A9C14 /* AIxianmain */;
			targetProxy = BC5D38721BB02BEA008A9C14 /* PBXContainerItemProxy */;
		};
/* End PBXTargetDependency section */

/* Begin PBXVariantGroup section */
		BC5D38651BB02BEA008A9C14 /* Main.storyboard */ = {
			isa = PBXVariantGroup;
			children = (
				BC5D38661BB02BEA008A9C14 /* Base */,
			);
			name = Main.storyboard;
			sourceTree = "<group>";
		};
		BC5D386A1BB02BEA008A9C14 /* LaunchScreen.xib */ = {
			isa = PBXVariantGroup;
			children = (
				BC5D386B1BB02BEA008A9C14 /* Base */,
			);
			name = LaunchScreen.xib;
			sourceTree = "<group>";
		};
/* End PBXVariantGroup section */

/* Begin XCBuildConfiguration section */
		BC5D38791BB02BEA008A9C14 /* Debug */ = {
			isa = XCBuildConfiguration;
			buildSettings = {
				ALWAYS_SEARCH_USER_PATHS = NO;
				CLANG_CXX_LANGUAGE_STANDARD = "gnu++0x";
				CLANG_CXX_LIBRARY = "libc++";
				CLANG_ENABLE_MODULES = YES;
				CLANG_ENABLE_OBJC_ARC = YES;
				CLANG_WARN_BOOL_CONVERSION = YES;
				CLANG_WARN_CONSTANT_CONVERSION = YES;
				CLANG_WARN_DIRECT_OBJC_ISA_USAGE = YES_ERROR;
				CLANG_WARN_EMPTY_BODY = YES;
				CLANG_WARN_ENUM_CONVERSION = YES;
				CLANG_WARN_INT_CONVERSION = YES;
				CLANG_WARN_OBJC_ROOT_CLASS = YES_ERROR;
				CLANG_WARN_UNREACHABLE_CODE = YES;
				CLANG_WARN__DUPLICATE_METHOD_MATCH = YES;
				"CODE_SIGN_IDENTITY[sdk=iphoneos*]" = "iPhone Developer";
				COPY_PHASE_STRIP = NO;
				DEBUG_INFORMATION_FORMAT = "dwarf-with-dsym";
				ENABLE_STRICT_OBJC_MSGSEND = YES;
				GCC_C_LANGUAGE_STANDARD = gnu99;
				GCC_DYNAMIC_NO_PIC = NO;
				GCC_NO_COMMON_BLOCKS = YES;
				GCC_OPTIMIZATION_LEVEL = 0;
				GCC_PREPROCESSOR_DEFINITIONS = (
					"DEBUG=1",
					"$(inherited)",
				);
				GCC_SYMBOLS_PRIVATE_EXTERN = NO;
				GCC_WARN_64_TO_32_BIT_CONVERSION = YES;
				GCC_WARN_ABOUT_RETURN_TYPE = YES_ERROR;
				GCC_WARN_UNDECLARED_SELECTOR = YES;
				GCC_WARN_UNINITIALIZED_AUTOS = YES_AGGRESSIVE;
				GCC_WARN_UNUSED_FUNCTION = YES;
				GCC_WARN_UNUSED_VARIABLE = YES;
				IPHONEOS_DEPLOYMENT_TARGET = 8.3;
				MTL_ENABLE_DEBUG_INFO = YES;
				ONLY_ACTIVE_ARCH = YES;
				SDKROOT = iphoneos;
				TARGETED_DEVICE_FAMILY = "1,2";
			};
			name = Debug;
		};
		BC5D387A1BB02BEA008A9C14 /* Release */ = {
			isa = XCBuildConfiguration;
			buildSettings = {
				ALWAYS_SEARCH_USER_PATHS = NO;
				CLANG_CXX_LANGUAGE_STANDARD = "gnu++0x";
				CLANG_CXX_LIBRARY = "libc++";
				CLANG_ENABLE_MODULES = YES;
				CLANG_ENABLE_OBJC_ARC = YES;
				CLANG_WARN_BOOL_CONVERSION = YES;
				CLANG_WARN_CONSTANT_CONVERSION = YES;
				CLANG_WARN_DIRECT_OBJC_ISA_USAGE = YES_ERROR;
				CLANG_WARN_EMPTY_BODY = YES;
				CLANG_WARN_ENUM_CONVERSION = YES;
				CLANG_WARN_INT_CONVERSION = YES;
				CLANG_WARN_OBJC_ROOT_CLASS = YES_ERROR;
				CLANG_WARN_UNREACHABLE_CODE = YES;
				CLANG_WARN__DUPLICATE_METHOD_MATCH = YES;
				"CODE_SIGN_IDENTITY[sdk=iphoneos*]" = "iPhone Developer";
				COPY_PHASE_STRIP = NO;
				DEBUG_INFORMATION_FORMAT = "dwarf-with-dsym";
				ENABLE_NS_ASSERTIONS = NO;
				ENABLE_STRICT_OBJC_MSGSEND = YES;
				GCC_C_LANGUAGE_STANDARD = gnu99;
				GCC_NO_COMMON_BLOCKS = YES;
				GCC_WARN_64_TO_32_BIT_CONVERSION = YES;
				GCC_WARN_ABOUT_RETURN_TYPE = YES_ERROR;
				GCC_WARN_UNDECLARED_SELECTOR = YES;
				GCC_WARN_UNINITIALIZED_AUTOS = YES_AGGRESSIVE;
				GCC_WARN_UNUSED_FUNCTION = YES;
				GCC_WARN_UNUSED_VARIABLE = YES;
				IPHONEOS_DEPLOYMENT_TARGET = 8.3;
				MTL_ENABLE_DEBUG_INFO = NO;
				SDKROOT = iphoneos;
				TARGETED_DEVICE_FAMILY = "1,2";
				VALIDATE_PRODUCT = YES;
			};
			name = Release;
		};
		BC5D387C1BB02BEA008A9C14 /* Debug */ = {
			isa = XCBuildConfiguration;
			buildSettings = {
				ASSETCATALOG_COMPILER_APPICON_NAME = AppIcon;
				INFOPLIST_FILE = AIxianmain/Info.plist;
				LD_RUNPATH_SEARCH_PATHS = "$(inherited) @executable_path/Frameworks";
				PRODUCT_NAME = "$(TARGET_NAME)";
			};
			name = Debug;
		};
		BC5D387D1BB02BEA008A9C14 /* Release */ = {
			isa = XCBuildConfiguration;
			buildSettings = {
				ASSETCATALOG_COMPILER_APPICON_NAME = AppIcon;
				INFOPLIST_FILE = AIxianmain/Info.plist;
				LD_RUNPATH_SEARCH_PATHS = "$(inherited) @executable_path/Frameworks";
				PRODUCT_NAME = "$(TARGET_NAME)";
			};
			name = Release;
		};
		BC5D387F1BB02BEA008A9C14 /* Debug */ = {
			isa = XCBuildConfiguration;
			buildSettings = {
				BUNDLE_LOADER = "$(TEST_HOST)";
				FRAMEWORK_SEARCH_PATHS = (
					"$(SDKROOT)/Developer/Library/Frameworks",
					"$(inherited)",
				);
				GCC_PREPROCESSOR_DEFINITIONS = (
					"DEBUG=1",
					"$(inherited)",
				);
				INFOPLIST_FILE = AIxianmainTests/Info.plist;
				LD_RUNPATH_SEARCH_PATHS = "$(inherited) @executable_path/Frameworks @loader_path/Frameworks";
				PRODUCT_NAME = "$(TARGET_NAME)";
				TEST_HOST = "$(BUILT_PRODUCTS_DIR)/AIxianmain.app/AIxianmain";
			};
			name = Debug;
		};
		BC5D38801BB02BEA008A9C14 /* Release */ = {
			isa = XCBuildConfiguration;
			buildSettings = {
				BUNDLE_LOADER = "$(TEST_HOST)";
				FRAMEWORK_SEARCH_PATHS = (
					"$(SDKROOT)/Developer/Library/Frameworks",
					"$(inherited)",
				);
				INFOPLIST_FILE = AIxianmainTests/Info.plist;
				LD_RUNPATH_SEARCH_PATHS = "$(inherited) @executable_path/Frameworks @loader_path/Frameworks";
				PRODUCT_NAME = "$(TARGET_NAME)";
				TEST_HOST = "$(BUILT_PRODUCTS_DIR)/AIxianmain.app/AIxianmain";
			};
			name = Release;
		};
/* End XCBuildConfiguration section */

/* Begin XCConfigurationList section */
		BC5D38531BB02BEA008A9C14 /* Build configuration list for PBXProject "AIxianmain" */ = {
			isa = XCConfigurationList;
			buildConfigurations = (
				BC5D38791BB02BEA008A9C14 /* Debug */,
				BC5D387A1BB02BEA008A9C14 /* Release */,
			);
			defaultConfigurationIsVisible = 0;
			defaultConfigurationName = Release;
		};
		BC5D387B1BB02BEA008A9C14 /* Build configuration list for PBXNativeTarget "AIxianmain" */ = {
			isa = XCConfigurationList;
			buildConfigurations = (
				BC5D387C1BB02BEA008A9C14 /* Debug */,
				BC5D387D1BB02BEA008A9C14 /* Release */,
			);
			defaultConfigurationIsVisible = 0;
			defaultConfigurationName = Release;
		};
		BC5D387E1BB02BEA008A9C14 /* Build configuration list for PBXNativeTarget "AIxianmainTests" */ = {
			isa = XCConfigurationList;
			buildConfigurations = (
				BC5D387F1BB02BEA008A9C14 /* Debug */,
				BC5D38801BB02BEA008A9C14 /* Release */,
			);
			defaultConfigurationIsVisible = 0;
			defaultConfigurationName = Release;
		};
/* End XCConfigurationList section */
	};
	rootObject = BC5D38501BB02BEA008A9C14 /* Project object */;
}
